
Microsoft Visual Studio Solution File, Format Version 12.00
Project("{FAE04EC0-301F-11D3-BF4B-00C04F79EFBC}") = "P1PrintingOutput", "P1PrintingOutput\P1PrintingOutput.csproj", "{7303FC44-673B-4F81-9003-2B70700F9C89}"
EndProject
Project("{FAE04EC0-301F-11D3-BF4B-00C04F79EFBC}") = "P2CodeExecution", "P2CodeExecution\P2CodeExecution.csproj", "{3631462E-5AFA-4792-A9CC-ED8058C62508}"
EndProject
Project("{FAE04EC0-301F-11D3-BF4B-00C04F79EFBC}") = "P3PrintingOutput", "P3PrintingOutput\P3PrintingOutput.csproj", "{34ECAFF7-ED49-4973-A756-6F86CA7AB4D9}"
EndProject
Project("{FAE04EC0-301F-11D3-BF4B-00C04F79EFBC}") = "P4Comments", "P4Comments\P4Comments.csproj", "{BF510FA1-F34D-4F2D-9055-67A83684EDE2}"
EndProject
Project("{FAE04EC0-301F-11D3-BF4B-00C04F79EFBC}") = "P5Variables", "P5Variables\P5Variables.csproj", "{18C14FBA-4816-4EAD-8478-DFB62E21DE14}"
EndProject
Project("{FAE04EC0-301F-11D3-BF4B-00C04F79EFBC}") = "P6DataTypes", "P6DataTypes\P6DataTypes.csproj", "{508FD44E-BEA4-4E33-9346-B584C0575527}"
EndProject
Project("{FAE04EC0-301F-11D3-BF4B-00C04F79EFBC}") = "P7Input", "P7Input\P7Input.csproj", "{788089D0-409F-460C-B6A5-06399CAF917E}"
EndProject
Project("{FAE04EC0-301F-11D3-BF4B-00C04F79EFBC}") = "P8Conversion", "P8Conversion\P8Conversion.csproj", "{D9A39209-45D5-49D8-9251-1E419A839C48}"
EndProject
Project("{FAE04EC0-301F-11D3-BF4B-00C04F79EFBC}") = "P9Operators", "P9Operators\P9Operators.csproj", "{1C572775-63BF-4A66-A902-331F060968F5}"
EndProject
Project("{FAE04EC0-301F-11D3-BF4B-00C04F79EFBC}") = "P8Boolean", "P8Boolean\P8Boolean.csproj", "{5402B185-8B9E-400D-9DB9-10EE866298F2}"
EndProject
Project("{FAE04EC0-301F-11D3-BF4B-00C04F79EFBC}") = "P9IfElse", "P9IfElse\P9IfElse.csproj", "{BF891C8D-090E-436C-AA95-C12CC7AF0225}"
EndProject
Project("{FAE04EC0-301F-11D3-BF4B-00C04F79EFBC}") = "P9_B1", "P9_B1\P9_B1.csproj", "{D294F230-FD05-4A96-A4DE-3D6AFB8A3F58}"
EndProject
Project("{FAE04EC0-301F-11D3-BF4B-00C04F79EFBC}") = "P11_1Grades", "P11_1Grades\P11_1Grades.csproj", "{45414BDC-3FEB-4A22-A3B1-A5ED7E90F37E}"
EndProject
Project("{FAE04EC0-301F-11D3-BF4B-00C04F79EFBC}") = "P11_2MinMax", "P11_2MinMax\P11_2MinMax.csproj", "{BDDDDDA1-AC0C-483D-B313-84454B27B6E2}"
EndProject
Project("{FAE04EC0-301F-11D3-BF4B-00C04F79EFBC}") = "P09_01SpeedConverter", "P09_01SpeedConverter\P09_01SpeedConverter.csproj", "{1B7CAF3A-35B2-4193-9F80-BFCBE4F5A530}"
EndProject
Project("{FAE04EC0-301F-11D3-BF4B-00C04F79EFBC}") = "P09_02MinutesToSeconds", "P09_02MinutesToSeconds\P09_02MinutesToSeconds.csproj", "{9E44DFCA-81EB-4FDA-B2D0-35B0899F5554}"
EndProject
Project("{FAE04EC0-301F-11D3-BF4B-00C04F79EFBC}") = "P09_03Division", "P09_03Division\P09_03Division.csproj", "{9C2C022C-6CA9-4AC8-999F-F8A0713C0229}"
EndProject
Project("{FAE04EC0-301F-11D3-BF4B-00C04F79EFBC}") = "P11_3Characters", "P11_3Characters\P11_3Characters.csproj", "{B899ED45-EC16-41C4-8E1C-A7EF4BE3C169}"
EndProject
Project("{FAE04EC0-301F-11D3-BF4B-00C04F79EFBC}") = "P11_4Calculator", "P11_4Calculator\P11_4Calculator.csproj", "{406F12AE-A96E-4067-9090-35245AC3EC38}"
EndProject
Global
	GlobalSection(SolutionConfigurationPlatforms) = preSolution
		Debug|Any CPU = Debug|Any CPU
		Release|Any CPU = Release|Any CPU
	EndGlobalSection
	GlobalSection(ProjectConfigurationPlatforms) = postSolution
		{7303FC44-673B-4F81-9003-2B70700F9C89}.Debug|Any CPU.ActiveCfg = Debug|Any CPU
		{7303FC44-673B-4F81-9003-2B70700F9C89}.Debug|Any CPU.Build.0 = Debug|Any CPU
		{7303FC44-673B-4F81-9003-2B70700F9C89}.Release|Any CPU.ActiveCfg = Release|Any CPU
		{7303FC44-673B-4F81-9003-2B70700F9C89}.Release|Any CPU.Build.0 = Release|Any CPU
		{3631462E-5AFA-4792-A9CC-ED8058C62508}.Debug|Any CPU.ActiveCfg = Debug|Any CPU
		{3631462E-5AFA-4792-A9CC-ED8058C62508}.Debug|Any CPU.Build.0 = Debug|Any CPU
		{3631462E-5AFA-4792-A9CC-ED8058C62508}.Release|Any CPU.ActiveCfg = Release|Any CPU
		{3631462E-5AFA-4792-A9CC-ED8058C62508}.Release|Any CPU.Build.0 = Release|Any CPU
		{34ECAFF7-ED49-4973-A756-6F86CA7AB4D9}.Debug|Any CPU.ActiveCfg = Debug|Any CPU
		{34ECAFF7-ED49-4973-A756-6F86CA7AB4D9}.Debug|Any CPU.Build.0 = Debug|Any CPU
		{34ECAFF7-ED49-4973-A756-6F86CA7AB4D9}.Release|Any CPU.ActiveCfg = Release|Any CPU
		{34ECAFF7-ED49-4973-A756-6F86CA7AB4D9}.Release|Any CPU.Build.0 = Release|Any CPU
		{BF510FA1-F34D-4F2D-9055-67A83684EDE2}.Debug|Any CPU.ActiveCfg = Debug|Any CPU
		{BF510FA1-F34D-4F2D-9055-67A83684EDE2}.Debug|Any CPU.Build.0 = Debug|Any CPU
		{BF510FA1-F34D-4F2D-9055-67A83684EDE2}.Release|Any CPU.ActiveCfg = Release|Any CPU
		{BF510FA1-F34D-4F2D-9055-67A83684EDE2}.Release|Any CPU.Build.0 = Release|Any CPU
		{18C14FBA-4816-4EAD-8478-DFB62E21DE14}.Debug|Any CPU.ActiveCfg = Debug|Any CPU
		{18C14FBA-4816-4EAD-8478-DFB62E21DE14}.Debug|Any CPU.Build.0 = Debug|Any CPU
		{18C14FBA-4816-4EAD-8478-DFB62E21DE14}.Release|Any CPU.ActiveCfg = Release|Any CPU
		{18C14FBA-4816-4EAD-8478-DFB62E21DE14}.Release|Any CPU.Build.0 = Release|Any CPU
		{508FD44E-BEA4-4E33-9346-B584C0575527}.Debug|Any CPU.ActiveCfg = Debug|Any CPU
		{508FD44E-BEA4-4E33-9346-B584C0575527}.Debug|Any CPU.Build.0 = Debug|Any CPU
		{508FD44E-BEA4-4E33-9346-B584C0575527}.Release|Any CPU.ActiveCfg = Release|Any CPU
		{508FD44E-BEA4-4E33-9346-B584C0575527}.Release|Any CPU.Build.0 = Release|Any CPU
		{788089D0-409F-460C-B6A5-06399CAF917E}.Debug|Any CPU.ActiveCfg = Debug|Any CPU
		{788089D0-409F-460C-B6A5-06399CAF917E}.Debug|Any CPU.Build.0 = Debug|Any CPU
		{788089D0-409F-460C-B6A5-06399CAF917E}.Release|Any CPU.ActiveCfg = Release|Any CPU
		{788089D0-409F-460C-B6A5-06399CAF917E}.Release|Any CPU.Build.0 = Release|Any CPU
		{D9A39209-45D5-49D8-9251-1E419A839C48}.Debug|Any CPU.ActiveCfg = Debug|Any CPU
		{D9A39209-45D5-49D8-9251-1E419A839C48}.Debug|Any CPU.Build.0 = Debug|Any CPU
		{D9A39209-45D5-49D8-9251-1E419A839C48}.Release|Any CPU.ActiveCfg = Release|Any CPU
		{D9A39209-45D5-49D8-9251-1E419A839C48}.Release|Any CPU.Build.0 = Release|Any CPU
		{1C572775-63BF-4A66-A902-331F060968F5}.Debug|Any CPU.ActiveCfg = Debug|Any CPU
		{1C572775-63BF-4A66-A902-331F060968F5}.Debug|Any CPU.Build.0 = Debug|Any CPU
		{1C572775-63BF-4A66-A902-331F060968F5}.Release|Any CPU.ActiveCfg = Release|Any CPU
		{1C572775-63BF-4A66-A902-331F060968F5}.Release|Any CPU.Build.0 = Release|Any CPU
		{5402B185-8B9E-400D-9DB9-10EE866298F2}.Debug|Any CPU.ActiveCfg = Debug|Any CPU
		{5402B185-8B9E-400D-9DB9-10EE866298F2}.Debug|Any CPU.Build.0 = Debug|Any CPU
		{5402B185-8B9E-400D-9DB9-10EE866298F2}.Release|Any CPU.ActiveCfg = Release|Any CPU
		{5402B185-8B9E-400D-9DB9-10EE866298F2}.Release|Any CPU.Build.0 = Release|Any CPU
		{BF891C8D-090E-436C-AA95-C12CC7AF0225}.Debug|Any CPU.ActiveCfg = Debug|Any CPU
		{BF891C8D-090E-436C-AA95-C12CC7AF0225}.Debug|Any CPU.Build.0 = Debug|Any CPU
		{BF891C8D-090E-436C-AA95-C12CC7AF0225}.Release|Any CPU.ActiveCfg = Release|Any CPU
		{BF891C8D-090E-436C-AA95-C12CC7AF0225}.Release|Any CPU.Build.0 = Release|Any CPU
		{D294F230-FD05-4A96-A4DE-3D6AFB8A3F58}.Debug|Any CPU.ActiveCfg = Debug|Any CPU
		{D294F230-FD05-4A96-A4DE-3D6AFB8A3F58}.Debug|Any CPU.Build.0 = Debug|Any CPU
		{D294F230-FD05-4A96-A4DE-3D6AFB8A3F58}.Release|Any CPU.ActiveCfg = Release|Any CPU
		{D294F230-FD05-4A96-A4DE-3D6AFB8A3F58}.Release|Any CPU.Build.0 = Release|Any CPU
		{45414BDC-3FEB-4A22-A3B1-A5ED7E90F37E}.Debug|Any CPU.ActiveCfg = Debug|Any CPU
		{45414BDC-3FEB-4A22-A3B1-A5ED7E90F37E}.Debug|Any CPU.Build.0 = Debug|Any CPU
		{45414BDC-3FEB-4A22-A3B1-A5ED7E90F37E}.Release|Any CPU.ActiveCfg = Release|Any CPU
		{45414BDC-3FEB-4A22-A3B1-A5ED7E90F37E}.Release|Any CPU.Build.0 = Release|Any CPU
		{BDDDDDA1-AC0C-483D-B313-84454B27B6E2}.Debug|Any CPU.ActiveCfg = Debug|Any CPU
		{BDDDDDA1-AC0C-483D-B313-84454B27B6E2}.Debug|Any CPU.Build.0 = Debug|Any CPU
		{BDDDDDA1-AC0C-483D-B313-84454B27B6E2}.Release|Any CPU.ActiveCfg = Release|Any CPU
		{BDDDDDA1-AC0C-483D-B313-84454B27B6E2}.Release|Any CPU.Build.0 = Release|Any CPU
		{1B7CAF3A-35B2-4193-9F80-BFCBE4F5A530}.Debug|Any CPU.ActiveCfg = Debug|Any CPU
		{1B7CAF3A-35B2-4193-9F80-BFCBE4F5A530}.Debug|Any CPU.Build.0 = Debug|Any CPU
		{1B7CAF3A-35B2-4193-9F80-BFCBE4F5A530}.Release|Any CPU.ActiveCfg = Release|Any CPU
		{1B7CAF3A-35B2-4193-9F80-BFCBE4F5A530}.Release|Any CPU.Build.0 = Release|Any CPU
		{9E44DFCA-81EB-4FDA-B2D0-35B0899F5554}.Debug|Any CPU.ActiveCfg = Debug|Any CPU
		{9E44DFCA-81EB-4FDA-B2D0-35B0899F5554}.Debug|Any CPU.Build.0 = Debug|Any CPU
		{9E44DFCA-81EB-4FDA-B2D0-35B0899F5554}.Release|Any CPU.ActiveCfg = Release|Any CPU
		{9E44DFCA-81EB-4FDA-B2D0-35B0899F5554}.Release|Any CPU.Build.0 = Release|Any CPU
		{9C2C022C-6CA9-4AC8-999F-F8A0713C0229}.Debug|Any CPU.ActiveCfg = Debug|Any CPU
		{9C2C022C-6CA9-4AC8-999F-F8A0713C0229}.Debug|Any CPU.Build.0 = Debug|Any CPU
		{9C2C022C-6CA9-4AC8-999F-F8A0713C0229}.Release|Any CPU.ActiveCfg = Release|Any CPU
		{9C2C022C-6CA9-4AC8-999F-F8A0713C0229}.Release|Any CPU.Build.0 = Release|Any CPU
		{B899ED45-EC16-41C4-8E1C-A7EF4BE3C169}.Debug|Any CPU.ActiveCfg = Debug|Any CPU
		{B899ED45-EC16-41C4-8E1C-A7EF4BE3C169}.Debug|Any CPU.Build.0 = Debug|Any CPU
		{B899ED45-EC16-41C4-8E1C-A7EF4BE3C169}.Release|Any CPU.ActiveCfg = Release|Any CPU
		{B899ED45-EC16-41C4-8E1C-A7EF4BE3C169}.Release|Any CPU.Build.0 = Release|Any CPU
		{406F12AE-A96E-4067-9090-35245AC3EC38}.Debug|Any CPU.ActiveCfg = Debug|Any CPU
		{406F12AE-A96E-4067-9090-35245AC3EC38}.Debug|Any CPU.Build.0 = Debug|Any CPU
		{406F12AE-A96E-4067-9090-35245AC3EC38}.Release|Any CPU.ActiveCfg = Release|Any CPU
		{406F12AE-A96E-4067-9090-35245AC3EC38}.Release|Any CPU.Build.0 = Release|Any CPU
	EndGlobalSection
EndGlobal
