
Microsoft Visual Studio Solution File, Format Version 12.00
Project("{FAE04EC0-301F-11D3-BF4B-00C04F79EFBC}") = "P1PrintingOutput", "P1PrintingOutput\P1PrintingOutput.csproj", "{7303FC44-673B-4F81-9003-2B70700F9C89}"
EndProject
Project("{FAE04EC0-301F-11D3-BF4B-00C04F79EFBC}") = "P2CodeExecution", "P2CodeExecution\P2CodeExecution.csproj", "{3631462E-5AFA-4792-A9CC-ED8058C62508}"
EndProject
Project("{FAE04EC0-301F-11D3-BF4B-00C04F79EFBC}") = "P3PrintingOutput", "P3PrintingOutput\P3PrintingOutput.csproj", "{34ECAFF7-ED49-4973-A756-6F86CA7AB4D9}"
EndProject
Project("{FAE04EC0-301F-11D3-BF4B-00C04F79EFBC}") = "P4Comments", "P4Comments\P4Comments.csproj", "{BF510FA1-F34D-4F2D-9055-67A83684EDE2}"
EndProject
Project("{FAE04EC0-301F-11D3-BF4B-00C04F79EFBC}") = "P5Variables", "P5Variables\P5Variables.csproj", "{18C14FBA-4816-4EAD-8478-DFB62E21DE14}"
EndProject
Project("{FAE04EC0-301F-11D3-BF4B-00C04F79EFBC}") = "P6DataTypes", "P6DataTypes\P6DataTypes.csproj", "{508FD44E-BEA4-4E33-9346-B584C0575527}"
EndProject
Project("{FAE04EC0-301F-11D3-BF4B-00C04F79EFBC}") = "P7Input", "P7Input\P7Input.csproj", "{788089D0-409F-460C-B6A5-06399CAF917E}"
EndProject
Project("{FAE04EC0-301F-11D3-BF4B-00C04F79EFBC}") = "P8Conversion", "P8Conversion\P8Conversion.csproj", "{D9A39209-45D5-49D8-9251-1E419A839C48}"
EndProject
Project("{FAE04EC0-301F-11D3-BF4B-00C04F79EFBC}") = "P9Operators", "P9Operators\P9Operators.csproj", "{1C572775-63BF-4A66-A902-331F060968F5}"
EndProject
Project("{FAE04EC0-301F-11D3-BF4B-00C04F79EFBC}") = "P8Boolean", "P8Boolean\P8Boolean.csproj", "{5402B185-8B9E-400D-9DB9-10EE866298F2}"
EndProject
Global
	GlobalSection(SolutionConfigurationPlatforms) = preSolution
		Debug|Any CPU = Debug|Any CPU
		Release|Any CPU = Release|Any CPU
	EndGlobalSection
	GlobalSection(ProjectConfigurationPlatforms) = postSolution
		{7303FC44-673B-4F81-9003-2B70700F9C89}.Debug|Any CPU.ActiveCfg = Debug|Any CPU
		{7303FC44-673B-4F81-9003-2B70700F9C89}.Debug|Any CPU.Build.0 = Debug|Any CPU
		{7303FC44-673B-4F81-9003-2B70700F9C89}.Release|Any CPU.ActiveCfg = Release|Any CPU
		{7303FC44-673B-4F81-9003-2B70700F9C89}.Release|Any CPU.Build.0 = Release|Any CPU
		{3631462E-5AFA-4792-A9CC-ED8058C62508}.Debug|Any CPU.ActiveCfg = Debug|Any CPU
		{3631462E-5AFA-4792-A9CC-ED8058C62508}.Debug|Any CPU.Build.0 = Debug|Any CPU
		{3631462E-5AFA-4792-A9CC-ED8058C62508}.Release|Any CPU.ActiveCfg = Release|Any CPU
		{3631462E-5AFA-4792-A9CC-ED8058C62508}.Release|Any CPU.Build.0 = Release|Any CPU
		{34ECAFF7-ED49-4973-A756-6F86CA7AB4D9}.Debug|Any CPU.ActiveCfg = Debug|Any CPU
		{34ECAFF7-ED49-4973-A756-6F86CA7AB4D9}.Debug|Any CPU.Build.0 = Debug|Any CPU
		{34ECAFF7-ED49-4973-A756-6F86CA7AB4D9}.Release|Any CPU.ActiveCfg = Release|Any CPU
		{34ECAFF7-ED49-4973-A756-6F86CA7AB4D9}.Release|Any CPU.Build.0 = Release|Any CPU
		{BF510FA1-F34D-4F2D-9055-67A83684EDE2}.Debug|Any CPU.ActiveCfg = Debug|Any CPU
		{BF510FA1-F34D-4F2D-9055-67A83684EDE2}.Debug|Any CPU.Build.0 = Debug|Any CPU
		{BF510FA1-F34D-4F2D-9055-67A83684EDE2}.Release|Any CPU.ActiveCfg = Release|Any CPU
		{BF510FA1-F34D-4F2D-9055-67A83684EDE2}.Release|Any CPU.Build.0 = Release|Any CPU
		{18C14FBA-4816-4EAD-8478-DFB62E21DE14}.Debug|Any CPU.ActiveCfg = Debug|Any CPU
		{18C14FBA-4816-4EAD-8478-DFB62E21DE14}.Debug|Any CPU.Build.0 = Debug|Any CPU
		{18C14FBA-4816-4EAD-8478-DFB62E21DE14}.Release|Any CPU.ActiveCfg = Release|Any CPU
		{18C14FBA-4816-4EAD-8478-DFB62E21DE14}.Release|Any CPU.Build.0 = Release|Any CPU
		{508FD44E-BEA4-4E33-9346-B584C0575527}.Debug|Any CPU.ActiveCfg = Debug|Any CPU
		{508FD44E-BEA4-4E33-9346-B584C0575527}.Debug|Any CPU.Build.0 = Debug|Any CPU
		{508FD44E-BEA4-4E33-9346-B584C0575527}.Release|Any CPU.ActiveCfg = Release|Any CPU
		{508FD44E-BEA4-4E33-9346-B584C0575527}.Release|Any CPU.Build.0 = Release|Any CPU
		{788089D0-409F-460C-B6A5-06399CAF917E}.Debug|Any CPU.ActiveCfg = Debug|Any CPU
		{788089D0-409F-460C-B6A5-06399CAF917E}.Debug|Any CPU.Build.0 = Debug|Any CPU
		{788089D0-409F-460C-B6A5-06399CAF917E}.Release|Any CPU.ActiveCfg = Release|Any CPU
		{788089D0-409F-460C-B6A5-06399CAF917E}.Release|Any CPU.Build.0 = Release|Any CPU
		{D9A39209-45D5-49D8-9251-1E419A839C48}.Debug|Any CPU.ActiveCfg = Debug|Any CPU
		{D9A39209-45D5-49D8-9251-1E419A839C48}.Debug|Any CPU.Build.0 = Debug|Any CPU
		{D9A39209-45D5-49D8-9251-1E419A839C48}.Release|Any CPU.ActiveCfg = Release|Any CPU
		{D9A39209-45D5-49D8-9251-1E419A839C48}.Release|Any CPU.Build.0 = Release|Any CPU
		{1C572775-63BF-4A66-A902-331F060968F5}.Debug|Any CPU.ActiveCfg = Debug|Any CPU
		{1C572775-63BF-4A66-A902-331F060968F5}.Debug|Any CPU.Build.0 = Debug|Any CPU
		{1C572775-63BF-4A66-A902-331F060968F5}.Release|Any CPU.ActiveCfg = Release|Any CPU
		{1C572775-63BF-4A66-A902-331F060968F5}.Release|Any CPU.Build.0 = Release|Any CPU
		{5402B185-8B9E-400D-9DB9-10EE866298F2}.Debug|Any CPU.ActiveCfg = Debug|Any CPU
		{5402B185-8B9E-400D-9DB9-10EE866298F2}.Debug|Any CPU.Build.0 = Debug|Any CPU
		{5402B185-8B9E-400D-9DB9-10EE866298F2}.Release|Any CPU.ActiveCfg = Release|Any CPU
		{5402B185-8B9E-400D-9DB9-10EE866298F2}.Release|Any CPU.Build.0 = Release|Any CPU
	EndGlobalSection
EndGlobal
